
Microsoft Visual Studio Solution File, Format Version 12.00
# Visual Studio Version 17
VisualStudioVersion = 17.5.001.0
MinimumVisualStudioVersion = 10.0.40219.1
Project("{9A19103F-16F7-4668-BE54-9A1E7A4F7556}") = "SistemSijil", "SistemSijil.csproj", "{B50F08CA-907A-4A7D-B797-F5BC0F62A370}"
EndProject
Global
	GlobalSection(SolutionConfigurationPlatforms) = preSolution
		Debug|Any CPU = Debug|Any CPU
		Release|Any CPU = Release|Any CPU
	EndGlobalSection
	GlobalSection(ProjectConfigurationPlatforms) = postSolution
		{B50F08CA-907A-4A7D-B797-F5BC0F62A370}.Debug|Any CPU.ActiveCfg = Debug|Any CPU
		{B50F08CA-907A-4A7D-B797-F5BC0F62A370}.Debug|Any CPU.Build.0 = Debug|Any CPU
		{B50F08CA-907A-4A7D-B797-F5BC0F62A370}.Release|Any CPU.ActiveCfg = Release|Any CPU
		{B50F08CA-907A-4A7D-B797-F5BC0F62A370}.Release|Any CPU.Build.0 = Release|Any CPU
	EndGlobalSection
	GlobalSection(SolutionProperties) = preSolution
		HideSolutionNode = FALSE
	EndGlobalSection
	GlobalSection(ExtensibilityGlobals) = postSolution
		SolutionGuid = {D8DF39DA-6BD1-4CF6-9966-0C09C31C5506}
	EndGlobalSection
EndGlobal
